
Microsoft Visual Studio Solution File, Format Version 12.00
# Visual Studio Version 17
VisualStudioVersion = 17.10.35122.118
MinimumVisualStudioVersion = 10.0.40219.1
Project("{FAE04EC0-301F-11D3-BF4B-00C04F79EFBC}") = "ProductCatalog", "ProductCatalog.csproj", "{2B61B8CF-FF26-4F0D-8381-28BD8EBE8CDE}"
EndProject
Global
	GlobalSection(SolutionConfigurationPlatforms) = preSolution
		Debug|Any CPU = Debug|Any CPU
		Release|Any CPU = Release|Any CPU
	EndGlobalSection
	GlobalSection(ProjectConfigurationPlatforms) = postSolution
		{2B61B8CF-FF26-4F0D-8381-28BD8EBE8CDE}.Debug|Any CPU.ActiveCfg = Debug|Any CPU
		{2B61B8CF-FF26-4F0D-8381-28BD8EBE8CDE}.Debug|Any CPU.Build.0 = Debug|Any CPU
		{2B61B8CF-FF26-4F0D-8381-28BD8EBE8CDE}.Release|Any CPU.ActiveCfg = Release|Any CPU
		{2B61B8CF-FF26-4F0D-8381-28BD8EBE8CDE}.Release|Any CPU.Build.0 = Release|Any CPU
	EndGlobalSection
	GlobalSection(SolutionProperties) = preSolution
		HideSolutionNode = FALSE
	EndGlobalSection
	GlobalSection(ExtensibilityGlobals) = postSolution
		SolutionGuid = {E2BAAE86-AC8E-4E63-89F6-D7B0459844C4}
	EndGlobalSection
EndGlobal
